
Microsoft Visual Studio Solution File, Format Version 12.00
# Visual Studio Version 17
VisualStudioVersion = 17.1.32328.378
MinimumVisualStudioVersion = 10.0.40219.1
Project("{FAE04EC0-301F-11D3-BF4B-00C04F79EFBC}") = "Vis2", "Vis2\Vis2.csproj", "{E9FA3B09-C800-4628-8B34-72DBFE855B75}"
EndProject
Global
	GlobalSection(SolutionConfigurationPlatforms) = preSolution
		Debug|Any CPU = Debug|Any CPU
		Release|Any CPU = Release|Any CPU
	EndGlobalSection
	GlobalSection(ProjectConfigurationPlatforms) = postSolution
		{E9FA3B09-C800-4628-8B34-72DBFE855B75}.Debug|Any CPU.ActiveCfg = Debug|Any CPU
		{E9FA3B09-C800-4628-8B34-72DBFE855B75}.Debug|Any CPU.Build.0 = Debug|Any CPU
		{E9FA3B09-C800-4628-8B34-72DBFE855B75}.Release|Any CPU.ActiveCfg = Release|Any CPU
		{E9FA3B09-C800-4628-8B34-72DBFE855B75}.Release|Any CPU.Build.0 = Release|Any CPU
	EndGlobalSection
	GlobalSection(SolutionProperties) = preSolution
		HideSolutionNode = FALSE
	EndGlobalSection
	GlobalSection(ExtensibilityGlobals) = postSolution
		SolutionGuid = {21804CB0-B66D-4F4F-945C-30C2439A4872}
	EndGlobalSection
EndGlobal
